
Microsoft Visual Studio Solution File, Format Version 12.00
# Visual Studio Version 16
VisualStudioVersion = 16.0.33214.272
MinimumVisualStudioVersion = 10.0.40219.1
Project("{FAE04EC0-301F-11D3-BF4B-00C04F79EFBC}") = "TwitchConnectorMod", "TwitchConnectorMod\TwitchConnectorMod.csproj", "{3433C92D-C918-4683-9EC7-25C23DC3347A}"
EndProject
Global
	GlobalSection(SolutionConfigurationPlatforms) = preSolution
		Debug|Any CPU = Debug|Any CPU
		Release|Any CPU = Release|Any CPU
	EndGlobalSection
	GlobalSection(ProjectConfigurationPlatforms) = postSolution
		{3433C92D-C918-4683-9EC7-25C23DC3347A}.Debug|Any CPU.ActiveCfg = Debug|Any CPU
		{3433C92D-C918-4683-9EC7-25C23DC3347A}.Debug|Any CPU.Build.0 = Debug|Any CPU
		{3433C92D-C918-4683-9EC7-25C23DC3347A}.Release|Any CPU.ActiveCfg = Release|Any CPU
		{3433C92D-C918-4683-9EC7-25C23DC3347A}.Release|Any CPU.Build.0 = Release|Any CPU
	EndGlobalSection
	GlobalSection(SolutionProperties) = preSolution
		HideSolutionNode = FALSE
	EndGlobalSection
	GlobalSection(ExtensibilityGlobals) = postSolution
		SolutionGuid = {7D9E42F4-3CAB-41DE-B2D4-DDA9CA87AA1C}
	EndGlobalSection
EndGlobal
